// !$*UTF8*$!
{
	archiveVersion = 1;
	classes = {
	};
	objectVersion = 50;
	objects = {

/* Begin PBXBuildFile section */
		F6E6B6FC23C71F2C00F77B6B /* AppDelegate.swift in Sources */ = {isa = PBXBuildFile; fileRef = F6E6B6FB23C71F2C00F77B6B /* AppDelegate.swift */; };
		F6E6B6FE23C71F2C00F77B6B /* SceneDelegate.swift in Sources */ = {isa = PBXBuildFile; fileRef = F6E6B6FD23C71F2C00F77B6B /* SceneDelegate.swift */; };
		F6E6B70023C71F2C00F77B6B /* ContentView.swift in Sources */ = {isa = PBXBuildFile; fileRef = F6E6B6FF23C71F2C00F77B6B /* ContentView.swift */; };
		F6E6B70223C71F2D00F77B6B /* Assets.xcassets in Resources */ = {isa = PBXBuildFile; fileRef = F6E6B70123C71F2D00F77B6B /* Assets.xcassets */; };
		F6E6B70523C71F2D00F77B6B /* Preview Assets.xcassets in Resources */ = {isa = PBXBuildFile; fileRef = F6E6B70423C71F2D00F77B6B /* Preview Assets.xcassets */; };
		F6E6B70823C71F2D00F77B6B /* LaunchScreen.storyboard in Resources */ = {isa = PBXBuildFile; fileRef = F6E6B70623C71F2D00F77B6B /* LaunchScreen.storyboard */; };
/* End PBXBuildFile section */

/* Begin PBXFileReference section */
		F6E6B6F823C71F2C00F77B6B /* Mitt Helsingborg.app */ = {isa = PBXFileReference; explicitFileType = wrapper.application; includeInIndex = 0; path = "Mitt Helsingborg.app"; sourceTree = BUILT_PRODUCTS_DIR; };
		F6E6B6FB23C71F2C00F77B6B /* AppDelegate.swift */ = {isa = PBXFileReference; lastKnownFileType = sourcecode.swift; path = AppDelegate.swift; sourceTree = "<group>"; };
		F6E6B6FD23C71F2C00F77B6B /* SceneDelegate.swift */ = {isa = PBXFileReference; lastKnownFileType = sourcecode.swift; path = SceneDelegate.swift; sourceTree = "<group>"; };
		F6E6B6FF23C71F2C00F77B6B /* ContentView.swift */ = {isa = PBXFileReference; lastKnownFileType = sourcecode.swift; path = ContentView.swift; sourceTree = "<group>"; };
		F6E6B70123C71F2D00F77B6B /* Assets.xcassets */ = {isa = PBXFileReference; lastKnownFileType = folder.assetcatalog; path = Assets.xcassets; sourceTree = "<group>"; };
		F6E6B70423C71F2D00F77B6B /* Preview Assets.xcassets */ = {isa = PBXFileReference; lastKnownFileType = folder.assetcatalog; path = "Preview Assets.xcassets"; sourceTree = "<group>"; };
		F6E6B70723C71F2D00F77B6B /* Base */ = {isa = PBXFileReference; lastKnownFileType = file.storyboard; name = Base; path = Base.lproj/LaunchScreen.storyboard; sourceTree = "<group>"; };
		F6E6B70923C71F2D00F77B6B /* Info.plist */ = {isa = PBXFileReference; lastKnownFileType = text.plist.xml; path = Info.plist; sourceTree = "<group>"; };
/* End PBXFileReference section */

/* Begin PBXFrameworksBuildPhase section */
		F6E6B6F523C71F2C00F77B6B /* Frameworks */ = {
			isa = PBXFrameworksBuildPhase;
			buildActionMask = 2147483647;
			files = (
			);
			runOnlyForDeploymentPostprocessing = 0;
		};
/* End PBXFrameworksBuildPhase section */

/* Begin PBXGroup section */
		F6E6B6EF23C71F2C00F77B6B = {
			isa = PBXGroup;
			children = (
				F6E6B6FA23C71F2C00F77B6B /* MittHelsingborg */,
				F6E6B6F923C71F2C00F77B6B /* Products */,
			);
			sourceTree = "<group>";
		};
		F6E6B6F923C71F2C00F77B6B /* Products */ = {
			isa = PBXGroup;
			children = (
				F6E6B6F823C71F2C00F77B6B /* Mitt Helsingborg.app */,
			);
			name = Products;
			sourceTree = "<group>";
		};
		F6E6B6FA23C71F2C00F77B6B /* MittHelsingborg */ = {
			isa = PBXGroup;
			children = (
				F6E6B6FB23C71F2C00F77B6B /* AppDelegate.swift */,
				F6E6B6FD23C71F2C00F77B6B /* SceneDelegate.swift */,
				F6E6B6FF23C71F2C00F77B6B /* ContentView.swift */,
				F6E6B70123C71F2D00F77B6B /* Assets.xcassets */,
				F6E6B70623C71F2D00F77B6B /* LaunchScreen.storyboard */,
				F6E6B70923C71F2D00F77B6B /* Info.plist */,
				F6E6B70323C71F2D00F77B6B /* Preview Content */,
			);
			path = MittHelsingborg;
			sourceTree = "<group>";
		};
		F6E6B70323C71F2D00F77B6B /* Preview Content */ = {
			isa = PBXGroup;
			children = (
				F6E6B70423C71F2D00F77B6B /* Preview Assets.xcassets */,
			);
			path = "Preview Content";
			sourceTree = "<group>";
		};
/* End PBXGroup section */

/* Begin PBXNativeTarget section */
		F6E6B6F723C71F2C00F77B6B /* MittHelsingborg */ = {
			isa = PBXNativeTarget;
			buildConfigurationList = F6E6B70C23C71F2D00F77B6B /* Build configuration list for PBXNativeTarget "MittHelsingborg" */;
			buildPhases = (
				F6E6B6F423C71F2C00F77B6B /* Sources */,
				F6E6B6F523C71F2C00F77B6B /* Frameworks */,
				F6E6B6F623C71F2C00F77B6B /* Resources */,
			);
			buildRules = (
			);
			dependencies = (
			);
			name = MittHelsingborg;
			productName = WebPagesSwiftUI;
			productReference = F6E6B6F823C71F2C00F77B6B /* Mitt Helsingborg.app */;
			productType = "com.apple.product-type.application";
		};
/* End PBXNativeTarget section */

/* Begin PBXProject section */
		F6E6B6F023C71F2C00F77B6B /* Project object */ = {
			isa = PBXProject;
			attributes = {
				LastSwiftUpdateCheck = 1130;
				LastUpgradeCheck = 1130;
				ORGANIZATIONNAME = "Ehsan Zilaei";
				TargetAttributes = {
					F6E6B6F723C71F2C00F77B6B = {
						CreatedOnToolsVersion = 11.3;
					};
				};
			};
			buildConfigurationList = F6E6B6F323C71F2C00F77B6B /* Build configuration list for PBXProject "MittHelsingborg" */;
			compatibilityVersion = "Xcode 9.3";
			developmentRegion = en;
			hasScannedForEncodings = 0;
			knownRegions = (
				en,
				Base,
			);
			mainGroup = F6E6B6EF23C71F2C00F77B6B;
			productRefGroup = F6E6B6F923C71F2C00F77B6B /* Products */;
			projectDirPath = "";
			projectRoot = "";
			targets = (
				F6E6B6F723C71F2C00F77B6B /* MittHelsingborg */,
			);
		};
/* End PBXProject section */

/* Begin PBXResourcesBuildPhase section */
		F6E6B6F623C71F2C00F77B6B /* Resources */ = {
			isa = PBXResourcesBuildPhase;
			buildActionMask = 2147483647;
			files = (
				F6E6B70823C71F2D00F77B6B /* LaunchScreen.storyboard in Resources */,
				F6E6B70523C71F2D00F77B6B /* Preview Assets.xcassets in Resources */,
				F6E6B70223C71F2D00F77B6B /* Assets.xcassets in Resources */,
			);
			runOnlyForDeploymentPostprocessing = 0;
		};
/* End PBXResourcesBuildPhase section */

/* Begin PBXSourcesBuildPhase section */
		F6E6B6F423C71F2C00F77B6B /* Sources */ = {
			isa = PBXSourcesBuildPhase;
			buildActionMask = 2147483647;
			files = (
				F6E6B6FC23C71F2C00F77B6B /* AppDelegate.swift in Sources */,
				F6E6B6FE23C71F2C00F77B6B /* SceneDelegate.swift in Sources */,
				F6E6B70023C71F2C00F77B6B /* ContentView.swift in Sources */,
			);
			runOnlyForDeploymentPostprocessing = 0;
		};
/* End PBXSourcesBuildPhase section */

/* Begin PBXVariantGroup section */
		F6E6B70623C71F2D00F77B6B /* LaunchScreen.storyboard */ = {
			isa = PBXVariantGroup;
			children = (
				F6E6B70723C71F2D00F77B6B /* Base */,
			);
			name = LaunchScreen.storyboard;
			sourceTree = "<group>";
		};
/* End PBXVariantGroup section */

/* Begin XCBuildConfiguration section */
		F6E6B70A23C71F2D00F77B6B /* Debug */ = {
			isa = XCBuildConfiguration;
			buildSettings = {
				ALWAYS_SEARCH_USER_PATHS = NO;
				CLANG_ANALYZER_NONNULL = YES;
				CLANG_ANALYZER_NUMBER_OBJECT_CONVERSION = YES_AGGRESSIVE;
				CLANG_CXX_LANGUAGE_STANDARD = "gnu++14";
				CLANG_CXX_LIBRARY = "libc++";
				CLANG_ENABLE_MODULES = YES;
				CLANG_ENABLE_OBJC_ARC = YES;
				CLANG_ENABLE_OBJC_WEAK = YES;
				CLANG_WARN_BLOCK_CAPTURE_AUTORELEASING = YES;
				CLANG_WARN_BOOL_CONVERSION = YES;
				CLANG_WARN_COMMA = YES;
				CLANG_WARN_CONSTANT_CONVERSION = YES;
				CLANG_WARN_DEPRECATED_OBJC_IMPLEMENTATIONS = YES;
				CLANG_WARN_DIRECT_OBJC_ISA_USAGE = YES_ERROR;
				CLANG_WARN_DOCUMENTATION_COMMENTS = YES;
				CLANG_WARN_EMPTY_BODY = YES;
				CLANG_WARN_ENUM_CONVERSION = YES;
				CLANG_WARN_INFINITE_RECURSION = YES;
				CLANG_WARN_INT_CONVERSION = YES;
				CLANG_WARN_NON_LITERAL_NULL_CONVERSION = YES;
				CLANG_WARN_OBJC_IMPLICIT_RETAIN_SELF = YES;
				CLANG_WARN_OBJC_LITERAL_CONVERSION = YES;
				CLANG_WARN_OBJC_ROOT_CLASS = YES_ERROR;
				CLANG_WARN_RANGE_LOOP_ANALYSIS = YES;
				CLANG_WARN_STRICT_PROTOTYPES = YES;
				CLANG_WARN_SUSPICIOUS_MOVE = YES;
				CLANG_WARN_UNGUARDED_AVAILABILITY = YES_AGGRESSIVE;
				CLANG_WARN_UNREACHABLE_CODE = YES;
				CLANG_WARN__DUPLICATE_METHOD_MATCH = YES;
				COPY_PHASE_STRIP = NO;
				DEBUG_INFORMATION_FORMAT = dwarf;
				ENABLE_STRICT_OBJC_MSGSEND = YES;
				ENABLE_TESTABILITY = YES;
				GCC_C_LANGUAGE_STANDARD = gnu11;
				GCC_DYNAMIC_NO_PIC = NO;
				GCC_NO_COMMON_BLOCKS = YES;
				GCC_OPTIMIZATION_LEVEL = 0;
				GCC_PREPROCESSOR_DEFINITIONS = (
					"DEBUG=1",
					"$(inherited)",
				);
				GCC_WARN_64_TO_32_BIT_CONVERSION = YES;
				GCC_WARN_ABOUT_RETURN_TYPE = YES_ERROR;
				GCC_WARN_UNDECLARED_SELECTOR = YES;
				GCC_WARN_UNINITIALIZED_AUTOS = YES_AGGRESSIVE;
				GCC_WARN_UNUSED_FUNCTION = YES;
				GCC_WARN_UNUSED_VARIABLE = YES;
				IPHONEOS_DEPLOYMENT_TARGET = 13.2;
				MTL_ENABLE_DEBUG_INFO = INCLUDE_SOURCE;
				MTL_FAST_MATH = YES;
				ONLY_ACTIVE_ARCH = YES;
				SDKROOT = iphoneos;
				SWIFT_ACTIVE_COMPILATION_CONDITIONS = DEBUG;
				SWIFT_OPTIMIZATION_LEVEL = "-Onone";
			};
			name = Debug;
		};
		F6E6B70B23C71F2D00F77B6B /* Release */ = {
			isa = XCBuildConfiguration;
			buildSettings = {
				ALWAYS_SEARCH_USER_PATHS = NO;
				CLANG_ANALYZER_NONNULL = YES;
				CLANG_ANALYZER_NUMBER_OBJECT_CONVERSION = YES_AGGRESSIVE;
				CLANG_CXX_LANGUAGE_STANDARD = "gnu++14";
				CLANG_CXX_LIBRARY = "libc++";
				CLANG_ENABLE_MODULES = YES;
				CLANG_ENABLE_OBJC_ARC = YES;
				CLANG_ENABLE_OBJC_WEAK = YES;
				CLANG_WARN_BLOCK_CAPTURE_AUTORELEASING = YES;
				CLANG_WARN_BOOL_CONVERSION = YES;
				CLANG_WARN_COMMA = YES;
				CLANG_WARN_CONSTANT_CONVERSION = YES;
				CLANG_WARN_DEPRECATED_OBJC_IMPLEMENTATIONS = YES;
				CLANG_WARN_DIRECT_OBJC_ISA_USAGE = YES_ERROR;
				CLANG_WARN_DOCUMENTATION_COMMENTS = YES;
				CLANG_WARN_EMPTY_BODY = YES;
				CLANG_WARN_ENUM_CONVERSION = YES;
				CLANG_WARN_INFINITE_RECURSION = YES;
				CLANG_WARN_INT_CONVERSION = YES;
				CLANG_WARN_NON_LITERAL_NULL_CONVERSION = YES;
				CLANG_WARN_OBJC_IMPLICIT_RETAIN_SELF = YES;
				CLANG_WARN_OBJC_LITERAL_CONVERSION = YES;
				CLANG_WARN_OBJC_ROOT_CLASS = YES_ERROR;
				CLANG_WARN_RANGE_LOOP_ANALYSIS = YES;
				CLANG_WARN_STRICT_PROTOTYPES = YES;
				CLANG_WARN_SUSPICIOUS_MOVE = YES;
				CLANG_WARN_UNGUARDED_AVAILABILITY = YES_AGGRESSIVE;
				CLANG_WARN_UNREACHABLE_CODE = YES;
				CLANG_WARN__DUPLICATE_METHOD_MATCH = YES;
				COPY_PHASE_STRIP = NO;
				DEBUG_INFORMATION_FORMAT = "dwarf-with-dsym";
				ENABLE_NS_ASSERTIONS = NO;
				ENABLE_STRICT_OBJC_MSGSEND = YES;
				GCC_C_LANGUAGE_STANDARD = gnu11;
				GCC_NO_COMMON_BLOCKS = YES;
				GCC_WARN_64_TO_32_BIT_CONVERSION = YES;
				GCC_WARN_ABOUT_RETURN_TYPE = YES_ERROR;
				GCC_WARN_UNDECLARED_SELECTOR = YES;
				GCC_WARN_UNINITIALIZED_AUTOS = YES_AGGRESSIVE;
				GCC_WARN_UNUSED_FUNCTION = YES;
				GCC_WARN_UNUSED_VARIABLE = YES;
				IPHONEOS_DEPLOYMENT_TARGET = 13.2;
				MTL_ENABLE_DEBUG_INFO = NO;
				MTL_FAST_MATH = YES;
				SDKROOT = iphoneos;
				SWIFT_COMPILATION_MODE = wholemodule;
				SWIFT_OPTIMIZATION_LEVEL = "-O";
				VALIDATE_PRODUCT = YES;
			};
			name = Release;
		};
		F6E6B70D23C71F2D00F77B6B /* Debug */ = {
			isa = XCBuildConfiguration;
			buildSettings = {
				ASSETCATALOG_COMPILER_APPICON_NAME = AppIcon;
				CODE_SIGN_STYLE = Automatic;
				DEVELOPMENT_ASSET_PATHS = "\"MittHelsingborg/Preview Content\"";
				DEVELOPMENT_TEAM = MHBEW6TVG2;
				ENABLE_PREVIEWS = YES;
				INFOPLIST_FILE = MittHelsingborg/Info.plist;
				LD_RUNPATH_SEARCH_PATHS = (
					"$(inherited)",
					"@executable_path/Frameworks",
				);
				PRODUCT_BUNDLE_IDENTIFIER = works.hbg.MittHelsingborg;
				PRODUCT_NAME = "Mitt Helsingborg";
				SWIFT_VERSION = 5.0;
				TARGETED_DEVICE_FAMILY = 1;
			};
			name = Debug;
		};
		F6E6B70E23C71F2D00F77B6B /* Release */ = {
			isa = XCBuildConfiguration;
			buildSettings = {
				ASSETCATALOG_COMPILER_APPICON_NAME = AppIcon;
				CODE_SIGN_STYLE = Automatic;
				DEVELOPMENT_ASSET_PATHS = "\"MittHelsingborg/Preview Content\"";
				DEVELOPMENT_TEAM = MHBEW6TVG2;
				ENABLE_PREVIEWS = YES;
				INFOPLIST_FILE = MittHelsingborg/Info.plist;
				LD_RUNPATH_SEARCH_PATHS = (
					"$(inherited)",
					"@executable_path/Frameworks",
				);
				PRODUCT_BUNDLE_IDENTIFIER = works.hbg.MittHelsingborg;
				PRODUCT_NAME = "Mitt Helsingborg";
				SWIFT_VERSION = 5.0;
				TARGETED_DEVICE_FAMILY = 1;
			};
			name = Release;
		};
/* End XCBuildConfiguration section */

/* Begin XCConfigurationList section */
		F6E6B6F323C71F2C00F77B6B /* Build configuration list for PBXProject "MittHelsingborg" */ = {
			isa = XCConfigurationList;
			buildConfigurations = (
				F6E6B70A23C71F2D00F77B6B /* Debug */,
				F6E6B70B23C71F2D00F77B6B /* Release */,
			);
			defaultConfigurationIsVisible = 0;
			defaultConfigurationName = Release;
		};
		F6E6B70C23C71F2D00F77B6B /* Build configuration list for PBXNativeTarget "MittHelsingborg" */ = {
			isa = XCConfigurationList;
			buildConfigurations = (
				F6E6B70D23C71F2D00F77B6B /* Debug */,
				F6E6B70E23C71F2D00F77B6B /* Release */,
			);
			defaultConfigurationIsVisible = 0;
			defaultConfigurationName = Release;
		};
/* End XCConfigurationList section */
	};
	rootObject = F6E6B6F023C71F2C00F77B6B /* Project object */;
}
